
Microsoft Visual Studio Solution File, Format Version 12.00
# Visual Studio 15
VisualStudioVersion = 15.0.26430.15
MinimumVisualStudioVersion = 10.0.40219.1
Project("{FAE04EC0-301F-11D3-BF4B-00C04F79EFBC}") = "MvxDemo.Droid", "MvxDemo.Droid\MvxDemo.Droid.csproj", "{23C33DAF-1C4F-497D-B6EB-511D93C5AB8B}"
EndProject
Project("{FAE04EC0-301F-11D3-BF4B-00C04F79EFBC}") = "MvxDemo.iOS", "MvxDemo.iOS\MvxDemo.iOS.csproj", "{E0825732-0A9C-4E8D-A03C-82946C2869E8}"
EndProject
Project("{FAE04EC0-301F-11D3-BF4B-00C04F79EFBC}") = "MvxDemo.UWP", "MvxDemo.UWP\MvxDemo.UWP.csproj", "{AF3104C6-A575-41CB-8795-110442D7385C}"
EndProject
Project("{FAE04EC0-301F-11D3-BF4B-00C04F79EFBC}") = "MvxDemo.Core", "MvxDemo.Core\MvxDemo.Core.csproj", "{4E739EE7-5D9D-4074-8EA2-9CB18D3AEEC6}"
EndProject
Global
	GlobalSection(SolutionConfigurationPlatforms) = preSolution
		Ad-Hoc|Any CPU = Ad-Hoc|Any CPU
		Ad-Hoc|ARM = Ad-Hoc|ARM
		Ad-Hoc|iPhone = Ad-Hoc|iPhone
		Ad-Hoc|iPhoneSimulator = Ad-Hoc|iPhoneSimulator
		Ad-Hoc|x64 = Ad-Hoc|x64
		Ad-Hoc|x86 = Ad-Hoc|x86
		AppStore|Any CPU = AppStore|Any CPU
		AppStore|ARM = AppStore|ARM
		AppStore|iPhone = AppStore|iPhone
		AppStore|iPhoneSimulator = AppStore|iPhoneSimulator
		AppStore|x64 = AppStore|x64
		AppStore|x86 = AppStore|x86
		Debug|Any CPU = Debug|Any CPU
		Debug|ARM = Debug|ARM
		Debug|iPhone = Debug|iPhone
		Debug|iPhoneSimulator = Debug|iPhoneSimulator
		Debug|x64 = Debug|x64
		Debug|x86 = Debug|x86
		Release|Any CPU = Release|Any CPU
		Release|ARM = Release|ARM
		Release|iPhone = Release|iPhone
		Release|iPhoneSimulator = Release|iPhoneSimulator
		Release|x64 = Release|x64
		Release|x86 = Release|x86
	EndGlobalSection
	GlobalSection(ProjectConfigurationPlatforms) = postSolution
		{23C33DAF-1C4F-497D-B6EB-511D93C5AB8B}.Ad-Hoc|Any CPU.ActiveCfg = Release|Any CPU
		{23C33DAF-1C4F-497D-B6EB-511D93C5AB8B}.Ad-Hoc|Any CPU.Build.0 = Release|Any CPU
		{23C33DAF-1C4F-497D-B6EB-511D93C5AB8B}.Ad-Hoc|Any CPU.Deploy.0 = Release|Any CPU
		{23C33DAF-1C4F-497D-B6EB-511D93C5AB8B}.Ad-Hoc|ARM.ActiveCfg = Release|Any CPU
		{23C33DAF-1C4F-497D-B6EB-511D93C5AB8B}.Ad-Hoc|ARM.Build.0 = Release|Any CPU
		{23C33DAF-1C4F-497D-B6EB-511D93C5AB8B}.Ad-Hoc|ARM.Deploy.0 = Release|Any CPU
		{23C33DAF-1C4F-497D-B6EB-511D93C5AB8B}.Ad-Hoc|iPhone.ActiveCfg = Release|Any CPU
		{23C33DAF-1C4F-497D-B6EB-511D93C5AB8B}.Ad-Hoc|iPhone.Build.0 = Release|Any CPU
		{23C33DAF-1C4F-497D-B6EB-511D93C5AB8B}.Ad-Hoc|iPhone.Deploy.0 = Release|Any CPU
		{23C33DAF-1C4F-497D-B6EB-511D93C5AB8B}.Ad-Hoc|iPhoneSimulator.ActiveCfg = Release|Any CPU
		{23C33DAF-1C4F-497D-B6EB-511D93C5AB8B}.Ad-Hoc|iPhoneSimulator.Build.0 = Release|Any CPU
		{23C33DAF-1C4F-497D-B6EB-511D93C5AB8B}.Ad-Hoc|iPhoneSimulator.Deploy.0 = Release|Any CPU
		{23C33DAF-1C4F-497D-B6EB-511D93C5AB8B}.Ad-Hoc|x64.ActiveCfg = Release|Any CPU
		{23C33DAF-1C4F-497D-B6EB-511D93C5AB8B}.Ad-Hoc|x64.Build.0 = Release|Any CPU
		{23C33DAF-1C4F-497D-B6EB-511D93C5AB8B}.Ad-Hoc|x64.Deploy.0 = Release|Any CPU
		{23C33DAF-1C4F-497D-B6EB-511D93C5AB8B}.Ad-Hoc|x86.ActiveCfg = Release|Any CPU
		{23C33DAF-1C4F-497D-B6EB-511D93C5AB8B}.Ad-Hoc|x86.Build.0 = Release|Any CPU
		{23C33DAF-1C4F-497D-B6EB-511D93C5AB8B}.Ad-Hoc|x86.Deploy.0 = Release|Any CPU
		{23C33DAF-1C4F-497D-B6EB-511D93C5AB8B}.AppStore|Any CPU.ActiveCfg = Release|Any CPU
		{23C33DAF-1C4F-497D-B6EB-511D93C5AB8B}.AppStore|Any CPU.Build.0 = Release|Any CPU
		{23C33DAF-1C4F-497D-B6EB-511D93C5AB8B}.AppStore|Any CPU.Deploy.0 = Release|Any CPU
		{23C33DAF-1C4F-497D-B6EB-511D93C5AB8B}.AppStore|ARM.ActiveCfg = Release|Any CPU
		{23C33DAF-1C4F-497D-B6EB-511D93C5AB8B}.AppStore|ARM.Build.0 = Release|Any CPU
		{23C33DAF-1C4F-497D-B6EB-511D93C5AB8B}.AppStore|ARM.Deploy.0 = Release|Any CPU
		{23C33DAF-1C4F-497D-B6EB-511D93C5AB8B}.AppStore|iPhone.ActiveCfg = Release|Any CPU
		{23C33DAF-1C4F-497D-B6EB-511D93C5AB8B}.AppStore|iPhone.Build.0 = Release|Any CPU
		{23C33DAF-1C4F-497D-B6EB-511D93C5AB8B}.AppStore|iPhone.Deploy.0 = Release|Any CPU
		{23C33DAF-1C4F-497D-B6EB-511D93C5AB8B}.AppStore|iPhoneSimulator.ActiveCfg = Release|Any CPU
		{23C33DAF-1C4F-497D-B6EB-511D93C5AB8B}.AppStore|iPhoneSimulator.Build.0 = Release|Any CPU
		{23C33DAF-1C4F-497D-B6EB-511D93C5AB8B}.AppStore|iPhoneSimulator.Deploy.0 = Release|Any CPU
		{23C33DAF-1C4F-497D-B6EB-511D93C5AB8B}.AppStore|x64.ActiveCfg = Release|Any CPU
		{23C33DAF-1C4F-497D-B6EB-511D93C5AB8B}.AppStore|x64.Build.0 = Release|Any CPU
		{23C33DAF-1C4F-497D-B6EB-511D93C5AB8B}.AppStore|x64.Deploy.0 = Release|Any CPU
		{23C33DAF-1C4F-497D-B6EB-511D93C5AB8B}.AppStore|x86.ActiveCfg = Release|Any CPU
		{23C33DAF-1C4F-497D-B6EB-511D93C5AB8B}.AppStore|x86.Build.0 = Release|Any CPU
		{23C33DAF-1C4F-497D-B6EB-511D93C5AB8B}.AppStore|x86.Deploy.0 = Release|Any CPU
		{23C33DAF-1C4F-497D-B6EB-511D93C5AB8B}.Debug|Any CPU.ActiveCfg = Debug|Any CPU
		{23C33DAF-1C4F-497D-B6EB-511D93C5AB8B}.Debug|Any CPU.Build.0 = Debug|Any CPU
		{23C33DAF-1C4F-497D-B6EB-511D93C5AB8B}.Debug|Any CPU.Deploy.0 = Debug|Any CPU
		{23C33DAF-1C4F-497D-B6EB-511D93C5AB8B}.Debug|ARM.ActiveCfg = Debug|Any CPU
		{23C33DAF-1C4F-497D-B6EB-511D93C5AB8B}.Debug|ARM.Build.0 = Debug|Any CPU
		{23C33DAF-1C4F-497D-B6EB-511D93C5AB8B}.Debug|ARM.Deploy.0 = Debug|Any CPU
		{23C33DAF-1C4F-497D-B6EB-511D93C5AB8B}.Debug|iPhone.ActiveCfg = Debug|Any CPU
		{23C33DAF-1C4F-497D-B6EB-511D93C5AB8B}.Debug|iPhone.Build.0 = Debug|Any CPU
		{23C33DAF-1C4F-497D-B6EB-511D93C5AB8B}.Debug|iPhone.Deploy.0 = Debug|Any CPU
		{23C33DAF-1C4F-497D-B6EB-511D93C5AB8B}.Debug|iPhoneSimulator.ActiveCfg = Debug|Any CPU
		{23C33DAF-1C4F-497D-B6EB-511D93C5AB8B}.Debug|iPhoneSimulator.Build.0 = Debug|Any CPU
		{23C33DAF-1C4F-497D-B6EB-511D93C5AB8B}.Debug|iPhoneSimulator.Deploy.0 = Debug|Any CPU
		{23C33DAF-1C4F-497D-B6EB-511D93C5AB8B}.Debug|x64.ActiveCfg = Debug|Any CPU
		{23C33DAF-1C4F-497D-B6EB-511D93C5AB8B}.Debug|x64.Build.0 = Debug|Any CPU
		{23C33DAF-1C4F-497D-B6EB-511D93C5AB8B}.Debug|x64.Deploy.0 = Debug|Any CPU
		{23C33DAF-1C4F-497D-B6EB-511D93C5AB8B}.Debug|x86.ActiveCfg = Debug|Any CPU
		{23C33DAF-1C4F-497D-B6EB-511D93C5AB8B}.Debug|x86.Build.0 = Debug|Any CPU
		{23C33DAF-1C4F-497D-B6EB-511D93C5AB8B}.Debug|x86.Deploy.0 = Debug|Any CPU
		{23C33DAF-1C4F-497D-B6EB-511D93C5AB8B}.Release|Any CPU.ActiveCfg = Release|Any CPU
		{23C33DAF-1C4F-497D-B6EB-511D93C5AB8B}.Release|Any CPU.Build.0 = Release|Any CPU
		{23C33DAF-1C4F-497D-B6EB-511D93C5AB8B}.Release|Any CPU.Deploy.0 = Release|Any CPU
		{23C33DAF-1C4F-497D-B6EB-511D93C5AB8B}.Release|ARM.ActiveCfg = Release|Any CPU
		{23C33DAF-1C4F-497D-B6EB-511D93C5AB8B}.Release|ARM.Build.0 = Release|Any CPU
		{23C33DAF-1C4F-497D-B6EB-511D93C5AB8B}.Release|ARM.Deploy.0 = Release|Any CPU
		{23C33DAF-1C4F-497D-B6EB-511D93C5AB8B}.Release|iPhone.ActiveCfg = Release|Any CPU
		{23C33DAF-1C4F-497D-B6EB-511D93C5AB8B}.Release|iPhone.Build.0 = Release|Any CPU
		{23C33DAF-1C4F-497D-B6EB-511D93C5AB8B}.Release|iPhone.Deploy.0 = Release|Any CPU
		{23C33DAF-1C4F-497D-B6EB-511D93C5AB8B}.Release|iPhoneSimulator.ActiveCfg = Release|Any CPU
		{23C33DAF-1C4F-497D-B6EB-511D93C5AB8B}.Release|iPhoneSimulator.Build.0 = Release|Any CPU
		{23C33DAF-1C4F-497D-B6EB-511D93C5AB8B}.Release|iPhoneSimulator.Deploy.0 = Release|Any CPU
		{23C33DAF-1C4F-497D-B6EB-511D93C5AB8B}.Release|x64.ActiveCfg = Release|Any CPU
		{23C33DAF-1C4F-497D-B6EB-511D93C5AB8B}.Release|x64.Build.0 = Release|Any CPU
		{23C33DAF-1C4F-497D-B6EB-511D93C5AB8B}.Release|x64.Deploy.0 = Release|Any CPU
		{23C33DAF-1C4F-497D-B6EB-511D93C5AB8B}.Release|x86.ActiveCfg = Release|Any CPU
		{23C33DAF-1C4F-497D-B6EB-511D93C5AB8B}.Release|x86.Build.0 = Release|Any CPU
		{23C33DAF-1C4F-497D-B6EB-511D93C5AB8B}.Release|x86.Deploy.0 = Release|Any CPU
		{E0825732-0A9C-4E8D-A03C-82946C2869E8}.Ad-Hoc|Any CPU.ActiveCfg = Ad-Hoc|iPhone
		{E0825732-0A9C-4E8D-A03C-82946C2869E8}.Ad-Hoc|ARM.ActiveCfg = Ad-Hoc|iPhone
		{E0825732-0A9C-4E8D-A03C-82946C2869E8}.Ad-Hoc|iPhone.ActiveCfg = Ad-Hoc|iPhone
		{E0825732-0A9C-4E8D-A03C-82946C2869E8}.Ad-Hoc|iPhone.Build.0 = Ad-Hoc|iPhone
		{E0825732-0A9C-4E8D-A03C-82946C2869E8}.Ad-Hoc|iPhoneSimulator.ActiveCfg = Ad-Hoc|iPhoneSimulator
		{E0825732-0A9C-4E8D-A03C-82946C2869E8}.Ad-Hoc|iPhoneSimulator.Build.0 = Ad-Hoc|iPhoneSimulator
		{E0825732-0A9C-4E8D-A03C-82946C2869E8}.Ad-Hoc|x64.ActiveCfg = Ad-Hoc|iPhone
		{E0825732-0A9C-4E8D-A03C-82946C2869E8}.Ad-Hoc|x86.ActiveCfg = Ad-Hoc|iPhone
		{E0825732-0A9C-4E8D-A03C-82946C2869E8}.AppStore|Any CPU.ActiveCfg = AppStore|iPhone
		{E0825732-0A9C-4E8D-A03C-82946C2869E8}.AppStore|ARM.ActiveCfg = AppStore|iPhone
		{E0825732-0A9C-4E8D-A03C-82946C2869E8}.AppStore|iPhone.ActiveCfg = AppStore|iPhone
		{E0825732-0A9C-4E8D-A03C-82946C2869E8}.AppStore|iPhone.Build.0 = AppStore|iPhone
		{E0825732-0A9C-4E8D-A03C-82946C2869E8}.AppStore|iPhoneSimulator.ActiveCfg = AppStore|iPhoneSimulator
		{E0825732-0A9C-4E8D-A03C-82946C2869E8}.AppStore|iPhoneSimulator.Build.0 = AppStore|iPhoneSimulator
		{E0825732-0A9C-4E8D-A03C-82946C2869E8}.AppStore|x64.ActiveCfg = AppStore|iPhone
		{E0825732-0A9C-4E8D-A03C-82946C2869E8}.AppStore|x86.ActiveCfg = AppStore|iPhone
		{E0825732-0A9C-4E8D-A03C-82946C2869E8}.Debug|Any CPU.ActiveCfg = Debug|iPhone
		{E0825732-0A9C-4E8D-A03C-82946C2869E8}.Debug|ARM.ActiveCfg = Debug|iPhone
		{E0825732-0A9C-4E8D-A03C-82946C2869E8}.Debug|iPhone.ActiveCfg = Debug|iPhone
		{E0825732-0A9C-4E8D-A03C-82946C2869E8}.Debug|iPhone.Build.0 = Debug|iPhone
		{E0825732-0A9C-4E8D-A03C-82946C2869E8}.Debug|iPhoneSimulator.ActiveCfg = Debug|iPhoneSimulator
		{E0825732-0A9C-4E8D-A03C-82946C2869E8}.Debug|iPhoneSimulator.Build.0 = Debug|iPhoneSimulator
		{E0825732-0A9C-4E8D-A03C-82946C2869E8}.Debug|x64.ActiveCfg = Debug|iPhone
		{E0825732-0A9C-4E8D-A03C-82946C2869E8}.Debug|x86.ActiveCfg = Debug|iPhone
		{E0825732-0A9C-4E8D-A03C-82946C2869E8}.Release|Any CPU.ActiveCfg = Release|iPhone
		{E0825732-0A9C-4E8D-A03C-82946C2869E8}.Release|ARM.ActiveCfg = Release|iPhone
		{E0825732-0A9C-4E8D-A03C-82946C2869E8}.Release|iPhone.ActiveCfg = Release|iPhone
		{E0825732-0A9C-4E8D-A03C-82946C2869E8}.Release|iPhone.Build.0 = Release|iPhone
		{E0825732-0A9C-4E8D-A03C-82946C2869E8}.Release|iPhoneSimulator.ActiveCfg = Release|iPhoneSimulator
		{E0825732-0A9C-4E8D-A03C-82946C2869E8}.Release|iPhoneSimulator.Build.0 = Release|iPhoneSimulator
		{E0825732-0A9C-4E8D-A03C-82946C2869E8}.Release|x64.ActiveCfg = Release|iPhone
		{E0825732-0A9C-4E8D-A03C-82946C2869E8}.Release|x86.ActiveCfg = Release|iPhone
		{AF3104C6-A575-41CB-8795-110442D7385C}.Ad-Hoc|Any CPU.ActiveCfg = Release|x64
		{AF3104C6-A575-41CB-8795-110442D7385C}.Ad-Hoc|Any CPU.Build.0 = Release|x64
		{AF3104C6-A575-41CB-8795-110442D7385C}.Ad-Hoc|Any CPU.Deploy.0 = Release|x64
		{AF3104C6-A575-41CB-8795-110442D7385C}.Ad-Hoc|ARM.ActiveCfg = Release|ARM
		{AF3104C6-A575-41CB-8795-110442D7385C}.Ad-Hoc|ARM.Build.0 = Release|ARM
		{AF3104C6-A575-41CB-8795-110442D7385C}.Ad-Hoc|ARM.Deploy.0 = Release|ARM
		{AF3104C6-A575-41CB-8795-110442D7385C}.Ad-Hoc|iPhone.ActiveCfg = Release|x64
		{AF3104C6-A575-41CB-8795-110442D7385C}.Ad-Hoc|iPhone.Build.0 = Release|x64
		{AF3104C6-A575-41CB-8795-110442D7385C}.Ad-Hoc|iPhone.Deploy.0 = Release|x64
		{AF3104C6-A575-41CB-8795-110442D7385C}.Ad-Hoc|iPhoneSimulator.ActiveCfg = Release|x64
		{AF3104C6-A575-41CB-8795-110442D7385C}.Ad-Hoc|iPhoneSimulator.Build.0 = Release|x64
		{AF3104C6-A575-41CB-8795-110442D7385C}.Ad-Hoc|iPhoneSimulator.Deploy.0 = Release|x64
		{AF3104C6-A575-41CB-8795-110442D7385C}.Ad-Hoc|x64.ActiveCfg = Release|x64
		{AF3104C6-A575-41CB-8795-110442D7385C}.Ad-Hoc|x64.Build.0 = Release|x64
		{AF3104C6-A575-41CB-8795-110442D7385C}.Ad-Hoc|x64.Deploy.0 = Release|x64
		{AF3104C6-A575-41CB-8795-110442D7385C}.Ad-Hoc|x86.ActiveCfg = Release|x86
		{AF3104C6-A575-41CB-8795-110442D7385C}.Ad-Hoc|x86.Build.0 = Release|x86
		{AF3104C6-A575-41CB-8795-110442D7385C}.Ad-Hoc|x86.Deploy.0 = Release|x86
		{AF3104C6-A575-41CB-8795-110442D7385C}.AppStore|Any CPU.ActiveCfg = Release|x64
		{AF3104C6-A575-41CB-8795-110442D7385C}.AppStore|Any CPU.Build.0 = Release|x64
		{AF3104C6-A575-41CB-8795-110442D7385C}.AppStore|Any CPU.Deploy.0 = Release|x64
		{AF3104C6-A575-41CB-8795-110442D7385C}.AppStore|ARM.ActiveCfg = Release|ARM
		{AF3104C6-A575-41CB-8795-110442D7385C}.AppStore|ARM.Build.0 = Release|ARM
		{AF3104C6-A575-41CB-8795-110442D7385C}.AppStore|ARM.Deploy.0 = Release|ARM
		{AF3104C6-A575-41CB-8795-110442D7385C}.AppStore|iPhone.ActiveCfg = Release|x64
		{AF3104C6-A575-41CB-8795-110442D7385C}.AppStore|iPhone.Build.0 = Release|x64
		{AF3104C6-A575-41CB-8795-110442D7385C}.AppStore|iPhone.Deploy.0 = Release|x64
		{AF3104C6-A575-41CB-8795-110442D7385C}.AppStore|iPhoneSimulator.ActiveCfg = Release|x64
		{AF3104C6-A575-41CB-8795-110442D7385C}.AppStore|iPhoneSimulator.Build.0 = Release|x64
		{AF3104C6-A575-41CB-8795-110442D7385C}.AppStore|iPhoneSimulator.Deploy.0 = Release|x64
		{AF3104C6-A575-41CB-8795-110442D7385C}.AppStore|x64.ActiveCfg = Release|x64
		{AF3104C6-A575-41CB-8795-110442D7385C}.AppStore|x64.Build.0 = Release|x64
		{AF3104C6-A575-41CB-8795-110442D7385C}.AppStore|x64.Deploy.0 = Release|x64
		{AF3104C6-A575-41CB-8795-110442D7385C}.AppStore|x86.ActiveCfg = Release|x86
		{AF3104C6-A575-41CB-8795-110442D7385C}.AppStore|x86.Build.0 = Release|x86
		{AF3104C6-A575-41CB-8795-110442D7385C}.AppStore|x86.Deploy.0 = Release|x86
		{AF3104C6-A575-41CB-8795-110442D7385C}.Debug|Any CPU.ActiveCfg = Debug|x86
		{AF3104C6-A575-41CB-8795-110442D7385C}.Debug|ARM.ActiveCfg = Debug|ARM
		{AF3104C6-A575-41CB-8795-110442D7385C}.Debug|ARM.Build.0 = Debug|ARM
		{AF3104C6-A575-41CB-8795-110442D7385C}.Debug|ARM.Deploy.0 = Debug|ARM
		{AF3104C6-A575-41CB-8795-110442D7385C}.Debug|iPhone.ActiveCfg = Debug|x86
		{AF3104C6-A575-41CB-8795-110442D7385C}.Debug|iPhoneSimulator.ActiveCfg = Debug|x86
		{AF3104C6-A575-41CB-8795-110442D7385C}.Debug|x64.ActiveCfg = Debug|x64
		{AF3104C6-A575-41CB-8795-110442D7385C}.Debug|x64.Build.0 = Debug|x64
		{AF3104C6-A575-41CB-8795-110442D7385C}.Debug|x64.Deploy.0 = Debug|x64
		{AF3104C6-A575-41CB-8795-110442D7385C}.Debug|x86.ActiveCfg = Debug|x86
		{AF3104C6-A575-41CB-8795-110442D7385C}.Debug|x86.Build.0 = Debug|x86
		{AF3104C6-A575-41CB-8795-110442D7385C}.Debug|x86.Deploy.0 = Debug|x86
		{AF3104C6-A575-41CB-8795-110442D7385C}.Release|Any CPU.ActiveCfg = Release|x86
		{AF3104C6-A575-41CB-8795-110442D7385C}.Release|ARM.ActiveCfg = Release|ARM
		{AF3104C6-A575-41CB-8795-110442D7385C}.Release|ARM.Build.0 = Release|ARM
		{AF3104C6-A575-41CB-8795-110442D7385C}.Release|ARM.Deploy.0 = Release|ARM
		{AF3104C6-A575-41CB-8795-110442D7385C}.Release|iPhone.ActiveCfg = Release|x86
		{AF3104C6-A575-41CB-8795-110442D7385C}.Release|iPhoneSimulator.ActiveCfg = Release|x86
		{AF3104C6-A575-41CB-8795-110442D7385C}.Release|x64.ActiveCfg = Release|x64
		{AF3104C6-A575-41CB-8795-110442D7385C}.Release|x64.Build.0 = Release|x64
		{AF3104C6-A575-41CB-8795-110442D7385C}.Release|x64.Deploy.0 = Release|x64
		{AF3104C6-A575-41CB-8795-110442D7385C}.Release|x86.ActiveCfg = Release|x86
		{AF3104C6-A575-41CB-8795-110442D7385C}.Release|x86.Build.0 = Release|x86
		{AF3104C6-A575-41CB-8795-110442D7385C}.Release|x86.Deploy.0 = Release|x86
		{4E739EE7-5D9D-4074-8EA2-9CB18D3AEEC6}.Ad-Hoc|Any CPU.ActiveCfg = Release|Any CPU
		{4E739EE7-5D9D-4074-8EA2-9CB18D3AEEC6}.Ad-Hoc|Any CPU.Build.0 = Release|Any CPU
		{4E739EE7-5D9D-4074-8EA2-9CB18D3AEEC6}.Ad-Hoc|ARM.ActiveCfg = Release|Any CPU
		{4E739EE7-5D9D-4074-8EA2-9CB18D3AEEC6}.Ad-Hoc|ARM.Build.0 = Release|Any CPU
		{4E739EE7-5D9D-4074-8EA2-9CB18D3AEEC6}.Ad-Hoc|iPhone.ActiveCfg = Release|Any CPU
		{4E739EE7-5D9D-4074-8EA2-9CB18D3AEEC6}.Ad-Hoc|iPhone.Build.0 = Release|Any CPU
		{4E739EE7-5D9D-4074-8EA2-9CB18D3AEEC6}.Ad-Hoc|iPhoneSimulator.ActiveCfg = Release|Any CPU
		{4E739EE7-5D9D-4074-8EA2-9CB18D3AEEC6}.Ad-Hoc|iPhoneSimulator.Build.0 = Release|Any CPU
		{4E739EE7-5D9D-4074-8EA2-9CB18D3AEEC6}.Ad-Hoc|x64.ActiveCfg = Release|Any CPU
		{4E739EE7-5D9D-4074-8EA2-9CB18D3AEEC6}.Ad-Hoc|x64.Build.0 = Release|Any CPU
		{4E739EE7-5D9D-4074-8EA2-9CB18D3AEEC6}.Ad-Hoc|x86.ActiveCfg = Release|Any CPU
		{4E739EE7-5D9D-4074-8EA2-9CB18D3AEEC6}.Ad-Hoc|x86.Build.0 = Release|Any CPU
		{4E739EE7-5D9D-4074-8EA2-9CB18D3AEEC6}.AppStore|Any CPU.ActiveCfg = Release|Any CPU
		{4E739EE7-5D9D-4074-8EA2-9CB18D3AEEC6}.AppStore|Any CPU.Build.0 = Release|Any CPU
		{4E739EE7-5D9D-4074-8EA2-9CB18D3AEEC6}.AppStore|ARM.ActiveCfg = Release|Any CPU
		{4E739EE7-5D9D-4074-8EA2-9CB18D3AEEC6}.AppStore|ARM.Build.0 = Release|Any CPU
		{4E739EE7-5D9D-4074-8EA2-9CB18D3AEEC6}.AppStore|iPhone.ActiveCfg = Release|Any CPU
		{4E739EE7-5D9D-4074-8EA2-9CB18D3AEEC6}.AppStore|iPhone.Build.0 = Release|Any CPU
		{4E739EE7-5D9D-4074-8EA2-9CB18D3AEEC6}.AppStore|iPhoneSimulator.ActiveCfg = Release|Any CPU
		{4E739EE7-5D9D-4074-8EA2-9CB18D3AEEC6}.AppStore|iPhoneSimulator.Build.0 = Release|Any CPU
		{4E739EE7-5D9D-4074-8EA2-9CB18D3AEEC6}.AppStore|x64.ActiveCfg = Release|Any CPU
		{4E739EE7-5D9D-4074-8EA2-9CB18D3AEEC6}.AppStore|x64.Build.0 = Release|Any CPU
		{4E739EE7-5D9D-4074-8EA2-9CB18D3AEEC6}.AppStore|x86.ActiveCfg = Release|Any CPU
		{4E739EE7-5D9D-4074-8EA2-9CB18D3AEEC6}.AppStore|x86.Build.0 = Release|Any CPU
		{4E739EE7-5D9D-4074-8EA2-9CB18D3AEEC6}.Debug|Any CPU.ActiveCfg = Debug|Any CPU
		{4E739EE7-5D9D-4074-8EA2-9CB18D3AEEC6}.Debug|Any CPU.Build.0 = Debug|Any CPU
		{4E739EE7-5D9D-4074-8EA2-9CB18D3AEEC6}.Debug|ARM.ActiveCfg = Debug|Any CPU
		{4E739EE7-5D9D-4074-8EA2-9CB18D3AEEC6}.Debug|ARM.Build.0 = Debug|Any CPU
		{4E739EE7-5D9D-4074-8EA2-9CB18D3AEEC6}.Debug|iPhone.ActiveCfg = Debug|Any CPU
		{4E739EE7-5D9D-4074-8EA2-9CB18D3AEEC6}.Debug|iPhone.Build.0 = Debug|Any CPU
		{4E739EE7-5D9D-4074-8EA2-9CB18D3AEEC6}.Debug|iPhoneSimulator.ActiveCfg = Debug|Any CPU
		{4E739EE7-5D9D-4074-8EA2-9CB18D3AEEC6}.Debug|iPhoneSimulator.Build.0 = Debug|Any CPU
		{4E739EE7-5D9D-4074-8EA2-9CB18D3AEEC6}.Debug|x64.ActiveCfg = Debug|Any CPU
		{4E739EE7-5D9D-4074-8EA2-9CB18D3AEEC6}.Debug|x64.Build.0 = Debug|Any CPU
		{4E739EE7-5D9D-4074-8EA2-9CB18D3AEEC6}.Debug|x86.ActiveCfg = Debug|Any CPU
		{4E739EE7-5D9D-4074-8EA2-9CB18D3AEEC6}.Debug|x86.Build.0 = Debug|Any CPU
		{4E739EE7-5D9D-4074-8EA2-9CB18D3AEEC6}.Release|Any CPU.ActiveCfg = Release|Any CPU
		{4E739EE7-5D9D-4074-8EA2-9CB18D3AEEC6}.Release|Any CPU.Build.0 = Release|Any CPU
		{4E739EE7-5D9D-4074-8EA2-9CB18D3AEEC6}.Release|ARM.ActiveCfg = Release|Any CPU
		{4E739EE7-5D9D-4074-8EA2-9CB18D3AEEC6}.Release|ARM.Build.0 = Release|Any CPU
		{4E739EE7-5D9D-4074-8EA2-9CB18D3AEEC6}.Release|iPhone.ActiveCfg = Release|Any CPU
		{4E739EE7-5D9D-4074-8EA2-9CB18D3AEEC6}.Release|iPhone.Build.0 = Release|Any CPU
		{4E739EE7-5D9D-4074-8EA2-9CB18D3AEEC6}.Release|iPhoneSimulator.ActiveCfg = Release|Any CPU
		{4E739EE7-5D9D-4074-8EA2-9CB18D3AEEC6}.Release|iPhoneSimulator.Build.0 = Release|Any CPU
		{4E739EE7-5D9D-4074-8EA2-9CB18D3AEEC6}.Release|x64.ActiveCfg = Release|Any CPU
		{4E739EE7-5D9D-4074-8EA2-9CB18D3AEEC6}.Release|x64.Build.0 = Release|Any CPU
		{4E739EE7-5D9D-4074-8EA2-9CB18D3AEEC6}.Release|x86.ActiveCfg = Release|Any CPU
		{4E739EE7-5D9D-4074-8EA2-9CB18D3AEEC6}.Release|x86.Build.0 = Release|Any CPU
	EndGlobalSection
	GlobalSection(SolutionProperties) = preSolution
		HideSolutionNode = FALSE
	EndGlobalSection
EndGlobal
